{
  "originHash" : "894f9691e921f9e1ad96aa64893f170c3096ecd469784bbe2d8461ed40944c40",
  "pins" : [
    {
      "identity" : "clevertap-ios-sdk",
      "kind" : "remoteSourceControl",
      "location" : "https://github.com/CleverTap/clevertap-ios-sdk",
      "state" : {
        "revision" : "6d98aafbe2b48430e161b844e5207f24a42ea548",
        "version" : "7.1.0"
      }
    },
    {
      "identity" : "ctnotificationcontent",
      "kind" : "remoteSourceControl",
      "location" : "https://github.com/CleverTap/CTNotificationContent.git",
      "state" : {
        "revision" : "af1a253f5a206ba87a7aec2047061223b18efda9",
        "version" : "0.2.7"
      }
    },
    {
      "identity" : "ctnotificationservice",
      "kind" : "remoteSourceControl",
      "location" : "https://github.com/CleverTap/CTNotificationService.git",
      "state" : {
        "revision" : "9fb05bd25296f62be89d0ed0542a8473a96234e1",
        "version" : "0.1.7"
      }
    },
    {
      "identity" : "sdwebimage",
      "kind" : "remoteSourceControl",
      "location" : "https://github.com/SDWebImage/SDWebImage.git",
      "state" : {
        "revision" : "10d06f6a33bafae8c164fbfd1f03391f6d4692b3",
        "version" : "5.20.0"
      }
    }
  ],
  "version" : 3
}
